
Microsoft Visual Studio Solution File, Format Version 12.00
# Visual Studio Version 16
VisualStudioVersion = 16.0.31205.134
MinimumVisualStudioVersion = 10.0.40219.1
Project("{2150E333-8FDC-42A3-9474-1A3956D46DE8}") = "_InnoSetup", "_InnoSetup", "{0C275DDF-DE38-4547-A835-6C121199055A}"
	ProjectSection(SolutionItems) = preProject
		src\InnoSetup\Oahu setup.iss = src\InnoSetup\Oahu setup.iss
	EndProjectSection
EndProject
Project("{FAE04EC0-301F-11D3-BF4B-00C04F79EFBC}") = "Oahu.Foundation", "src\Oahu.Foundation\Oahu.Foundation.csproj", "{A1B2C3D4-1111-2222-3333-444455556666}"
EndProject
Project("{FAE04EC0-301F-11D3-BF4B-00C04F79EFBC}") = "Oahu.Data", "src\Oahu.Data\Oahu.Data.csproj", "{A1B2C3D4-1111-2222-3333-444455557777}"
EndProject
Project("{FAE04EC0-301F-11D3-BF4B-00C04F79EFBC}") = "Oahu.Core", "src\Oahu.Core\Oahu.Core.csproj", "{A1B2C3D4-1111-2222-3333-444455558888}"
EndProject
Project("{FAE04EC0-301F-11D3-BF4B-00C04F79EFBC}") = "Oahu.UI", "src\Oahu.UI\Oahu.UI.csproj", "{A1B2C3D4-1111-2222-3333-444455559999}"
EndProject
Project("{FAE04EC0-301F-11D3-BF4B-00C04F79EFBC}") = "Oahu.App", "src\Oahu.App\Oahu.App.csproj", "{A1B2C3D4-1111-2222-3333-44445555AAAA}"
EndProject
Project("{FAE04EC0-301F-11D3-BF4B-00C04F79EFBC}") = "Oahu.Decrypt", "src\Oahu.Decrypt\Oahu.Decrypt.csproj", "{A99D293A-9560-42BA-95A2-ECC99528656E}"
EndProject
Project("{2150E333-8FDC-42A3-9474-1A3956D46DE8}") = "src", "src", "{827E0CD3-B72D-47B6-A68D-7590B98EB39B}"
EndProject
Project("{FAE04EC0-301F-11D3-BF4B-00C04F79EFBC}") = "Oahu.Cli.App", "src\Oahu.Cli.App\Oahu.Cli.App.csproj", "{DBF256D2-B196-47C4-8496-87FBE0992CE1}"
EndProject
Project("{FAE04EC0-301F-11D3-BF4B-00C04F79EFBC}") = "Oahu.Cli.Tui", "src\Oahu.Cli.Tui\Oahu.Cli.Tui.csproj", "{8CB54E7B-425F-4F40-9043-34390AF0791A}"
EndProject
Project("{FAE04EC0-301F-11D3-BF4B-00C04F79EFBC}") = "Oahu.Cli", "src\Oahu.Cli\Oahu.Cli.csproj", "{F922607B-9FF7-4429-A773-DFCF3331B54D}"
EndProject
Project("{2150E333-8FDC-42A3-9474-1A3956D46DE8}") = "tests", "tests", "{0AB3BF05-4346-4AA6-1389-037BE0695223}"
EndProject
Project("{FAE04EC0-301F-11D3-BF4B-00C04F79EFBC}") = "Oahu.Cli.Tests", "tests\Oahu.Cli.Tests\Oahu.Cli.Tests.gsproj", "{20C07546-5DE9-4538-9CDA-6E721676DB54}"
EndProject
Project("{FAE04EC0-301F-11D3-BF4B-00C04F79EFBC}") = "Oahu.SystemManagement", "src\Oahu.SystemManagement\Oahu.SystemManagement.csproj", "{5E632EAA-C831-4E2B-BD0C-A84A2E1950E9}"
EndProject
Project("{FAE04EC0-301F-11D3-BF4B-00C04F79EFBC}") = "Oahu.Cli.E2E.Tests", "tests\Oahu.Cli.E2E.Tests\Oahu.Cli.E2E.Tests.gsproj", "{13281C69-EAF3-411B-9563-CA88145AB622}"
EndProject
Project("{2150E333-8FDC-42A3-9474-1A3956D46DE8}") = "tools", "tools", "{07C2787E-EAC7-C090-1BA3-A61EC2A24D84}"
EndProject
Project("{FAE04EC0-301F-11D3-BF4B-00C04F79EFBC}") = "Oahu.Diagnostics", "tools\Oahu.Diagnostics\Oahu.Diagnostics.csproj", "{6FF70E85-2FD4-4D48-8123-97524314B99C}"
EndProject
Global
	GlobalSection(SolutionConfigurationPlatforms) = preSolution
		Debug|Any CPU = Debug|Any CPU
		Debug|x64 = Debug|x64
		Debug|x86 = Debug|x86
		Release|Any CPU = Release|Any CPU
		Release|x64 = Release|x64
		Release|x86 = Release|x86
	EndGlobalSection
	GlobalSection(ProjectConfigurationPlatforms) = postSolution
		{A1B2C3D4-1111-2222-3333-444455556666}.Debug|Any CPU.ActiveCfg = Debug|Any CPU
		{A1B2C3D4-1111-2222-3333-444455556666}.Debug|Any CPU.Build.0 = Debug|Any CPU
		{A1B2C3D4-1111-2222-3333-444455556666}.Debug|x64.ActiveCfg = Debug|Any CPU
		{A1B2C3D4-1111-2222-3333-444455556666}.Debug|x64.Build.0 = Debug|Any CPU
		{A1B2C3D4-1111-2222-3333-444455556666}.Debug|x86.ActiveCfg = Debug|Any CPU
		{A1B2C3D4-1111-2222-3333-444455556666}.Debug|x86.Build.0 = Debug|Any CPU
		{A1B2C3D4-1111-2222-3333-444455556666}.Release|Any CPU.ActiveCfg = Release|Any CPU
		{A1B2C3D4-1111-2222-3333-444455556666}.Release|Any CPU.Build.0 = Release|Any CPU
		{A1B2C3D4-1111-2222-3333-444455556666}.Release|x64.ActiveCfg = Release|Any CPU
		{A1B2C3D4-1111-2222-3333-444455556666}.Release|x64.Build.0 = Release|Any CPU
		{A1B2C3D4-1111-2222-3333-444455556666}.Release|x86.ActiveCfg = Release|Any CPU
		{A1B2C3D4-1111-2222-3333-444455556666}.Release|x86.Build.0 = Release|Any CPU
		{A1B2C3D4-1111-2222-3333-444455557777}.Debug|Any CPU.ActiveCfg = Debug|Any CPU
		{A1B2C3D4-1111-2222-3333-444455557777}.Debug|Any CPU.Build.0 = Debug|Any CPU
		{A1B2C3D4-1111-2222-3333-444455557777}.Debug|x64.ActiveCfg = Debug|Any CPU
		{A1B2C3D4-1111-2222-3333-444455557777}.Debug|x64.Build.0 = Debug|Any CPU
		{A1B2C3D4-1111-2222-3333-444455557777}.Debug|x86.ActiveCfg = Debug|Any CPU
		{A1B2C3D4-1111-2222-3333-444455557777}.Debug|x86.Build.0 = Debug|Any CPU
		{A1B2C3D4-1111-2222-3333-444455557777}.Release|Any CPU.ActiveCfg = Release|Any CPU
		{A1B2C3D4-1111-2222-3333-444455557777}.Release|Any CPU.Build.0 = Release|Any CPU
		{A1B2C3D4-1111-2222-3333-444455557777}.Release|x64.ActiveCfg = Release|Any CPU
		{A1B2C3D4-1111-2222-3333-444455557777}.Release|x64.Build.0 = Release|Any CPU
		{A1B2C3D4-1111-2222-3333-444455557777}.Release|x86.ActiveCfg = Release|Any CPU
		{A1B2C3D4-1111-2222-3333-444455557777}.Release|x86.Build.0 = Release|Any CPU
		{A1B2C3D4-1111-2222-3333-444455558888}.Debug|Any CPU.ActiveCfg = Debug|Any CPU
		{A1B2C3D4-1111-2222-3333-444455558888}.Debug|Any CPU.Build.0 = Debug|Any CPU
		{A1B2C3D4-1111-2222-3333-444455558888}.Debug|x64.ActiveCfg = Debug|Any CPU
		{A1B2C3D4-1111-2222-3333-444455558888}.Debug|x64.Build.0 = Debug|Any CPU
		{A1B2C3D4-1111-2222-3333-444455558888}.Debug|x86.ActiveCfg = Debug|Any CPU
		{A1B2C3D4-1111-2222-3333-444455558888}.Debug|x86.Build.0 = Debug|Any CPU
		{A1B2C3D4-1111-2222-3333-444455558888}.Release|Any CPU.ActiveCfg = Release|Any CPU
		{A1B2C3D4-1111-2222-3333-444455558888}.Release|Any CPU.Build.0 = Release|Any CPU
		{A1B2C3D4-1111-2222-3333-444455558888}.Release|x64.ActiveCfg = Release|Any CPU
		{A1B2C3D4-1111-2222-3333-444455558888}.Release|x64.Build.0 = Release|Any CPU
		{A1B2C3D4-1111-2222-3333-444455558888}.Release|x86.ActiveCfg = Release|Any CPU
		{A1B2C3D4-1111-2222-3333-444455558888}.Release|x86.Build.0 = Release|Any CPU
		{A1B2C3D4-1111-2222-3333-444455559999}.Debug|Any CPU.ActiveCfg = Debug|Any CPU
		{A1B2C3D4-1111-2222-3333-444455559999}.Debug|Any CPU.Build.0 = Debug|Any CPU
		{A1B2C3D4-1111-2222-3333-444455559999}.Debug|x64.ActiveCfg = Debug|Any CPU
		{A1B2C3D4-1111-2222-3333-444455559999}.Debug|x64.Build.0 = Debug|Any CPU
		{A1B2C3D4-1111-2222-3333-444455559999}.Debug|x86.ActiveCfg = Debug|Any CPU
		{A1B2C3D4-1111-2222-3333-444455559999}.Debug|x86.Build.0 = Debug|Any CPU
		{A1B2C3D4-1111-2222-3333-444455559999}.Release|Any CPU.ActiveCfg = Release|Any CPU
		{A1B2C3D4-1111-2222-3333-444455559999}.Release|Any CPU.Build.0 = Release|Any CPU
		{A1B2C3D4-1111-2222-3333-444455559999}.Release|x64.ActiveCfg = Release|Any CPU
		{A1B2C3D4-1111-2222-3333-444455559999}.Release|x64.Build.0 = Release|Any CPU
		{A1B2C3D4-1111-2222-3333-444455559999}.Release|x86.ActiveCfg = Release|Any CPU
		{A1B2C3D4-1111-2222-3333-444455559999}.Release|x86.Build.0 = Release|Any CPU
		{A1B2C3D4-1111-2222-3333-44445555AAAA}.Debug|Any CPU.ActiveCfg = Debug|Any CPU
		{A1B2C3D4-1111-2222-3333-44445555AAAA}.Debug|Any CPU.Build.0 = Debug|Any CPU
		{A1B2C3D4-1111-2222-3333-44445555AAAA}.Debug|x64.ActiveCfg = Debug|Any CPU
		{A1B2C3D4-1111-2222-3333-44445555AAAA}.Debug|x64.Build.0 = Debug|Any CPU
		{A1B2C3D4-1111-2222-3333-44445555AAAA}.Debug|x86.ActiveCfg = Debug|Any CPU
		{A1B2C3D4-1111-2222-3333-44445555AAAA}.Debug|x86.Build.0 = Debug|Any CPU
		{A1B2C3D4-1111-2222-3333-44445555AAAA}.Release|Any CPU.ActiveCfg = Release|Any CPU
		{A1B2C3D4-1111-2222-3333-44445555AAAA}.Release|Any CPU.Build.0 = Release|Any CPU
		{A1B2C3D4-1111-2222-3333-44445555AAAA}.Release|x64.ActiveCfg = Release|Any CPU
		{A1B2C3D4-1111-2222-3333-44445555AAAA}.Release|x64.Build.0 = Release|Any CPU
		{A1B2C3D4-1111-2222-3333-44445555AAAA}.Release|x86.ActiveCfg = Release|Any CPU
		{A1B2C3D4-1111-2222-3333-44445555AAAA}.Release|x86.Build.0 = Release|Any CPU
		{A99D293A-9560-42BA-95A2-ECC99528656E}.Debug|Any CPU.ActiveCfg = Debug|Any CPU
		{A99D293A-9560-42BA-95A2-ECC99528656E}.Debug|Any CPU.Build.0 = Debug|Any CPU
		{A99D293A-9560-42BA-95A2-ECC99528656E}.Debug|x64.ActiveCfg = Debug|Any CPU
		{A99D293A-9560-42BA-95A2-ECC99528656E}.Debug|x64.Build.0 = Debug|Any CPU
		{A99D293A-9560-42BA-95A2-ECC99528656E}.Debug|x86.ActiveCfg = Debug|Any CPU
		{A99D293A-9560-42BA-95A2-ECC99528656E}.Debug|x86.Build.0 = Debug|Any CPU
		{A99D293A-9560-42BA-95A2-ECC99528656E}.Release|Any CPU.ActiveCfg = Release|Any CPU
		{A99D293A-9560-42BA-95A2-ECC99528656E}.Release|Any CPU.Build.0 = Release|Any CPU
		{A99D293A-9560-42BA-95A2-ECC99528656E}.Release|x64.ActiveCfg = Release|Any CPU
		{A99D293A-9560-42BA-95A2-ECC99528656E}.Release|x64.Build.0 = Release|Any CPU
		{A99D293A-9560-42BA-95A2-ECC99528656E}.Release|x86.ActiveCfg = Release|Any CPU
		{A99D293A-9560-42BA-95A2-ECC99528656E}.Release|x86.Build.0 = Release|Any CPU
		{DBF256D2-B196-47C4-8496-87FBE0992CE1}.Debug|Any CPU.ActiveCfg = Debug|Any CPU
		{DBF256D2-B196-47C4-8496-87FBE0992CE1}.Debug|Any CPU.Build.0 = Debug|Any CPU
		{DBF256D2-B196-47C4-8496-87FBE0992CE1}.Debug|x64.ActiveCfg = Debug|Any CPU
		{DBF256D2-B196-47C4-8496-87FBE0992CE1}.Debug|x64.Build.0 = Debug|Any CPU
		{DBF256D2-B196-47C4-8496-87FBE0992CE1}.Debug|x86.ActiveCfg = Debug|Any CPU
		{DBF256D2-B196-47C4-8496-87FBE0992CE1}.Debug|x86.Build.0 = Debug|Any CPU
		{DBF256D2-B196-47C4-8496-87FBE0992CE1}.Release|Any CPU.ActiveCfg = Release|Any CPU
		{DBF256D2-B196-47C4-8496-87FBE0992CE1}.Release|Any CPU.Build.0 = Release|Any CPU
		{DBF256D2-B196-47C4-8496-87FBE0992CE1}.Release|x64.ActiveCfg = Release|Any CPU
		{DBF256D2-B196-47C4-8496-87FBE0992CE1}.Release|x64.Build.0 = Release|Any CPU
		{DBF256D2-B196-47C4-8496-87FBE0992CE1}.Release|x86.ActiveCfg = Release|Any CPU
		{DBF256D2-B196-47C4-8496-87FBE0992CE1}.Release|x86.Build.0 = Release|Any CPU
		{8CB54E7B-425F-4F40-9043-34390AF0791A}.Debug|Any CPU.ActiveCfg = Debug|Any CPU
		{8CB54E7B-425F-4F40-9043-34390AF0791A}.Debug|Any CPU.Build.0 = Debug|Any CPU
		{8CB54E7B-425F-4F40-9043-34390AF0791A}.Debug|x64.ActiveCfg = Debug|Any CPU
		{8CB54E7B-425F-4F40-9043-34390AF0791A}.Debug|x64.Build.0 = Debug|Any CPU
		{8CB54E7B-425F-4F40-9043-34390AF0791A}.Debug|x86.ActiveCfg = Debug|Any CPU
		{8CB54E7B-425F-4F40-9043-34390AF0791A}.Debug|x86.Build.0 = Debug|Any CPU
		{8CB54E7B-425F-4F40-9043-34390AF0791A}.Release|Any CPU.ActiveCfg = Release|Any CPU
		{8CB54E7B-425F-4F40-9043-34390AF0791A}.Release|Any CPU.Build.0 = Release|Any CPU
		{8CB54E7B-425F-4F40-9043-34390AF0791A}.Release|x64.ActiveCfg = Release|Any CPU
		{8CB54E7B-425F-4F40-9043-34390AF0791A}.Release|x64.Build.0 = Release|Any CPU
		{8CB54E7B-425F-4F40-9043-34390AF0791A}.Release|x86.ActiveCfg = Release|Any CPU
		{8CB54E7B-425F-4F40-9043-34390AF0791A}.Release|x86.Build.0 = Release|Any CPU
		{F922607B-9FF7-4429-A773-DFCF3331B54D}.Debug|Any CPU.ActiveCfg = Debug|Any CPU
		{F922607B-9FF7-4429-A773-DFCF3331B54D}.Debug|Any CPU.Build.0 = Debug|Any CPU
		{F922607B-9FF7-4429-A773-DFCF3331B54D}.Debug|x64.ActiveCfg = Debug|Any CPU
		{F922607B-9FF7-4429-A773-DFCF3331B54D}.Debug|x64.Build.0 = Debug|Any CPU
		{F922607B-9FF7-4429-A773-DFCF3331B54D}.Debug|x86.ActiveCfg = Debug|Any CPU
		{F922607B-9FF7-4429-A773-DFCF3331B54D}.Debug|x86.Build.0 = Debug|Any CPU
		{F922607B-9FF7-4429-A773-DFCF3331B54D}.Release|Any CPU.ActiveCfg = Release|Any CPU
		{F922607B-9FF7-4429-A773-DFCF3331B54D}.Release|Any CPU.Build.0 = Release|Any CPU
		{F922607B-9FF7-4429-A773-DFCF3331B54D}.Release|x64.ActiveCfg = Release|Any CPU
		{F922607B-9FF7-4429-A773-DFCF3331B54D}.Release|x64.Build.0 = Release|Any CPU
		{F922607B-9FF7-4429-A773-DFCF3331B54D}.Release|x86.ActiveCfg = Release|Any CPU
		{F922607B-9FF7-4429-A773-DFCF3331B54D}.Release|x86.Build.0 = Release|Any CPU
		{20C07546-5DE9-4538-9CDA-6E721676DB54}.Debug|Any CPU.ActiveCfg = Debug|Any CPU
		{20C07546-5DE9-4538-9CDA-6E721676DB54}.Debug|Any CPU.Build.0 = Debug|Any CPU
		{20C07546-5DE9-4538-9CDA-6E721676DB54}.Debug|x64.ActiveCfg = Debug|Any CPU
		{20C07546-5DE9-4538-9CDA-6E721676DB54}.Debug|x64.Build.0 = Debug|Any CPU
		{20C07546-5DE9-4538-9CDA-6E721676DB54}.Debug|x86.ActiveCfg = Debug|Any CPU
		{20C07546-5DE9-4538-9CDA-6E721676DB54}.Debug|x86.Build.0 = Debug|Any CPU
		{20C07546-5DE9-4538-9CDA-6E721676DB54}.Release|Any CPU.ActiveCfg = Release|Any CPU
		{20C07546-5DE9-4538-9CDA-6E721676DB54}.Release|Any CPU.Build.0 = Release|Any CPU
		{20C07546-5DE9-4538-9CDA-6E721676DB54}.Release|x64.ActiveCfg = Release|Any CPU
		{20C07546-5DE9-4538-9CDA-6E721676DB54}.Release|x64.Build.0 = Release|Any CPU
		{20C07546-5DE9-4538-9CDA-6E721676DB54}.Release|x86.ActiveCfg = Release|Any CPU
		{20C07546-5DE9-4538-9CDA-6E721676DB54}.Release|x86.Build.0 = Release|Any CPU
		{5E632EAA-C831-4E2B-BD0C-A84A2E1950E9}.Debug|Any CPU.ActiveCfg = Debug|Any CPU
		{5E632EAA-C831-4E2B-BD0C-A84A2E1950E9}.Debug|Any CPU.Build.0 = Debug|Any CPU
		{5E632EAA-C831-4E2B-BD0C-A84A2E1950E9}.Debug|x64.ActiveCfg = Debug|Any CPU
		{5E632EAA-C831-4E2B-BD0C-A84A2E1950E9}.Debug|x64.Build.0 = Debug|Any CPU
		{5E632EAA-C831-4E2B-BD0C-A84A2E1950E9}.Debug|x86.ActiveCfg = Debug|Any CPU
		{5E632EAA-C831-4E2B-BD0C-A84A2E1950E9}.Debug|x86.Build.0 = Debug|Any CPU
		{5E632EAA-C831-4E2B-BD0C-A84A2E1950E9}.Release|Any CPU.ActiveCfg = Release|Any CPU
		{5E632EAA-C831-4E2B-BD0C-A84A2E1950E9}.Release|Any CPU.Build.0 = Release|Any CPU
		{5E632EAA-C831-4E2B-BD0C-A84A2E1950E9}.Release|x64.ActiveCfg = Release|Any CPU
		{5E632EAA-C831-4E2B-BD0C-A84A2E1950E9}.Release|x64.Build.0 = Release|Any CPU
		{5E632EAA-C831-4E2B-BD0C-A84A2E1950E9}.Release|x86.ActiveCfg = Release|Any CPU
		{5E632EAA-C831-4E2B-BD0C-A84A2E1950E9}.Release|x86.Build.0 = Release|Any CPU
		{13281C69-EAF3-411B-9563-CA88145AB622}.Debug|Any CPU.ActiveCfg = Debug|Any CPU
		{13281C69-EAF3-411B-9563-CA88145AB622}.Debug|Any CPU.Build.0 = Debug|Any CPU
		{13281C69-EAF3-411B-9563-CA88145AB622}.Debug|x64.ActiveCfg = Debug|Any CPU
		{13281C69-EAF3-411B-9563-CA88145AB622}.Debug|x64.Build.0 = Debug|Any CPU
		{13281C69-EAF3-411B-9563-CA88145AB622}.Debug|x86.ActiveCfg = Debug|Any CPU
		{13281C69-EAF3-411B-9563-CA88145AB622}.Debug|x86.Build.0 = Debug|Any CPU
		{13281C69-EAF3-411B-9563-CA88145AB622}.Release|Any CPU.ActiveCfg = Release|Any CPU
		{13281C69-EAF3-411B-9563-CA88145AB622}.Release|Any CPU.Build.0 = Release|Any CPU
		{13281C69-EAF3-411B-9563-CA88145AB622}.Release|x64.ActiveCfg = Release|Any CPU
		{13281C69-EAF3-411B-9563-CA88145AB622}.Release|x64.Build.0 = Release|Any CPU
		{13281C69-EAF3-411B-9563-CA88145AB622}.Release|x86.ActiveCfg = Release|Any CPU
		{13281C69-EAF3-411B-9563-CA88145AB622}.Release|x86.Build.0 = Release|Any CPU
		{6FF70E85-2FD4-4D48-8123-97524314B99C}.Debug|Any CPU.ActiveCfg = Debug|Any CPU
		{6FF70E85-2FD4-4D48-8123-97524314B99C}.Debug|Any CPU.Build.0 = Debug|Any CPU
		{6FF70E85-2FD4-4D48-8123-97524314B99C}.Debug|x64.ActiveCfg = Debug|Any CPU
		{6FF70E85-2FD4-4D48-8123-97524314B99C}.Debug|x64.Build.0 = Debug|Any CPU
		{6FF70E85-2FD4-4D48-8123-97524314B99C}.Debug|x86.ActiveCfg = Debug|Any CPU
		{6FF70E85-2FD4-4D48-8123-97524314B99C}.Debug|x86.Build.0 = Debug|Any CPU
		{6FF70E85-2FD4-4D48-8123-97524314B99C}.Release|Any CPU.ActiveCfg = Release|Any CPU
		{6FF70E85-2FD4-4D48-8123-97524314B99C}.Release|Any CPU.Build.0 = Release|Any CPU
		{6FF70E85-2FD4-4D48-8123-97524314B99C}.Release|x64.ActiveCfg = Release|Any CPU
		{6FF70E85-2FD4-4D48-8123-97524314B99C}.Release|x64.Build.0 = Release|Any CPU
		{6FF70E85-2FD4-4D48-8123-97524314B99C}.Release|x86.ActiveCfg = Release|Any CPU
		{6FF70E85-2FD4-4D48-8123-97524314B99C}.Release|x86.Build.0 = Release|Any CPU
	EndGlobalSection
	GlobalSection(SolutionProperties) = preSolution
		HideSolutionNode = FALSE
	EndGlobalSection
	GlobalSection(NestedProjects) = preSolution
		{DBF256D2-B196-47C4-8496-87FBE0992CE1} = {827E0CD3-B72D-47B6-A68D-7590B98EB39B}
		{8CB54E7B-425F-4F40-9043-34390AF0791A} = {827E0CD3-B72D-47B6-A68D-7590B98EB39B}
		{F922607B-9FF7-4429-A773-DFCF3331B54D} = {827E0CD3-B72D-47B6-A68D-7590B98EB39B}
		{20C07546-5DE9-4538-9CDA-6E721676DB54} = {0AB3BF05-4346-4AA6-1389-037BE0695223}
		{5E632EAA-C831-4E2B-BD0C-A84A2E1950E9} = {827E0CD3-B72D-47B6-A68D-7590B98EB39B}
		{13281C69-EAF3-411B-9563-CA88145AB622} = {0AB3BF05-4346-4AA6-1389-037BE0695223}
		{6FF70E85-2FD4-4D48-8123-97524314B99C} = {07C2787E-EAC7-C090-1BA3-A61EC2A24D84}
	EndGlobalSection
	GlobalSection(ExtensibilityGlobals) = postSolution
		SolutionGuid = {15FE3338-B239-4FEE-A6DC-04ED8E87F64C}
	EndGlobalSection
EndGlobal
